
Microsoft Visual Studio Solution File, Format Version 12.00
# Visual Studio Version 17
VisualStudioVersion = 17.4.33205.214
MinimumVisualStudioVersion = 10.0.40219.1
Project("{9A19103F-16F7-4668-BE54-9A1E7A4F7556}") = "SportsBetting.BackofficeApi", "SportsBetting.BackofficeApi.csproj", "{769B0187-4239-4A6C-A484-9171DF8C8642}"
EndProject
Project("{9A19103F-16F7-4668-BE54-9A1E7A4F7556}") = "SportsBetting.Scrapper", "..\SportsBetting.Scrapper\SportsBetting.Scrapper.csproj", "{94943760-C6CB-48B8-8446-3C45D1B21B68}"
EndProject
Project("{9A19103F-16F7-4668-BE54-9A1E7A4F7556}") = "SportsBetting.EventConsumer", "..\SportsBetting.EventConsumer\SportsBetting.EventConsumer.csproj", "{DC3CA7B3-9FBB-422E-BA0E-78DAAD5B3716}"
EndProject
Project("{9A19103F-16F7-4668-BE54-9A1E7A4F7556}") = "SportsBetting.Data", "..\SportsBetting.Data\SportsBetting.Data.csproj", "{D464FAD9-0240-484D-8D4D-C638F3290E6A}"
EndProject
Project("{9A19103F-16F7-4668-BE54-9A1E7A4F7556}") = "SportsBetting.Services", "..\SportsBetting.Services\SportsBetting.Services.csproj", "{27C8897B-6ACE-4A38-BF13-FF3A47BF8D48}"
EndProject
Global
	GlobalSection(SolutionConfigurationPlatforms) = preSolution
		Debug|Any CPU = Debug|Any CPU
		Release|Any CPU = Release|Any CPU
	EndGlobalSection
	GlobalSection(ProjectConfigurationPlatforms) = postSolution
		{769B0187-4239-4A6C-A484-9171DF8C8642}.Debug|Any CPU.ActiveCfg = Debug|Any CPU
		{769B0187-4239-4A6C-A484-9171DF8C8642}.Debug|Any CPU.Build.0 = Debug|Any CPU
		{769B0187-4239-4A6C-A484-9171DF8C8642}.Release|Any CPU.ActiveCfg = Release|Any CPU
		{769B0187-4239-4A6C-A484-9171DF8C8642}.Release|Any CPU.Build.0 = Release|Any CPU
		{94943760-C6CB-48B8-8446-3C45D1B21B68}.Debug|Any CPU.ActiveCfg = Debug|Any CPU
		{94943760-C6CB-48B8-8446-3C45D1B21B68}.Debug|Any CPU.Build.0 = Debug|Any CPU
		{94943760-C6CB-48B8-8446-3C45D1B21B68}.Release|Any CPU.ActiveCfg = Release|Any CPU
		{94943760-C6CB-48B8-8446-3C45D1B21B68}.Release|Any CPU.Build.0 = Release|Any CPU
		{DC3CA7B3-9FBB-422E-BA0E-78DAAD5B3716}.Debug|Any CPU.ActiveCfg = Debug|Any CPU
		{DC3CA7B3-9FBB-422E-BA0E-78DAAD5B3716}.Debug|Any CPU.Build.0 = Debug|Any CPU
		{DC3CA7B3-9FBB-422E-BA0E-78DAAD5B3716}.Release|Any CPU.ActiveCfg = Release|Any CPU
		{DC3CA7B3-9FBB-422E-BA0E-78DAAD5B3716}.Release|Any CPU.Build.0 = Release|Any CPU
		{D464FAD9-0240-484D-8D4D-C638F3290E6A}.Debug|Any CPU.ActiveCfg = Debug|Any CPU
		{D464FAD9-0240-484D-8D4D-C638F3290E6A}.Debug|Any CPU.Build.0 = Debug|Any CPU
		{D464FAD9-0240-484D-8D4D-C638F3290E6A}.Release|Any CPU.ActiveCfg = Release|Any CPU
		{D464FAD9-0240-484D-8D4D-C638F3290E6A}.Release|Any CPU.Build.0 = Release|Any CPU
		{27C8897B-6ACE-4A38-BF13-FF3A47BF8D48}.Debug|Any CPU.ActiveCfg = Debug|Any CPU
		{27C8897B-6ACE-4A38-BF13-FF3A47BF8D48}.Debug|Any CPU.Build.0 = Debug|Any CPU
		{27C8897B-6ACE-4A38-BF13-FF3A47BF8D48}.Release|Any CPU.ActiveCfg = Release|Any CPU
		{27C8897B-6ACE-4A38-BF13-FF3A47BF8D48}.Release|Any CPU.Build.0 = Release|Any CPU
	EndGlobalSection
	GlobalSection(SolutionProperties) = preSolution
		HideSolutionNode = FALSE
	EndGlobalSection
	GlobalSection(ExtensibilityGlobals) = postSolution
		SolutionGuid = {BFFB1F77-7097-4173-BC34-ED9ECD73B027}
	EndGlobalSection
EndGlobal
